
Microsoft Visual Studio Solution File, Format Version 12.00
# Visual Studio Version 17
VisualStudioVersion = 17.12.35521.163 d17.12
MinimumVisualStudioVersion = 10.0.40219.1
Project("{FAE04EC0-301F-11D3-BF4B-00C04F79EFBC}") = "OpenWeather.Core", "OpenWeather.Core.csproj", "{226E7027-D80F-4CAC-9FF1-B0A563666BE8}"
EndProject
Project("{FAE04EC0-301F-11D3-BF4B-00C04F79EFBC}") = "OpenWeather.Core.Tests", "..\OpenWeather.Core.Tests\OpenWeather.Core.Tests.csproj", "{7B8B74A5-0EF6-481C-85F1-8B842A6D2FBF}"
EndProject
Global
	GlobalSection(SolutionConfigurationPlatforms) = preSolution
		Debug|Any CPU = Debug|Any CPU
		Release|Any CPU = Release|Any CPU
	EndGlobalSection
	GlobalSection(ProjectConfigurationPlatforms) = postSolution
		{226E7027-D80F-4CAC-9FF1-B0A563666BE8}.Debug|Any CPU.ActiveCfg = Debug|Any CPU
		{226E7027-D80F-4CAC-9FF1-B0A563666BE8}.Debug|Any CPU.Build.0 = Debug|Any CPU
		{226E7027-D80F-4CAC-9FF1-B0A563666BE8}.Release|Any CPU.ActiveCfg = Release|Any CPU
		{226E7027-D80F-4CAC-9FF1-B0A563666BE8}.Release|Any CPU.Build.0 = Release|Any CPU
		{7B8B74A5-0EF6-481C-85F1-8B842A6D2FBF}.Debug|Any CPU.ActiveCfg = Debug|Any CPU
		{7B8B74A5-0EF6-481C-85F1-8B842A6D2FBF}.Debug|Any CPU.Build.0 = Debug|Any CPU
		{7B8B74A5-0EF6-481C-85F1-8B842A6D2FBF}.Release|Any CPU.ActiveCfg = Release|Any CPU
		{7B8B74A5-0EF6-481C-85F1-8B842A6D2FBF}.Release|Any CPU.Build.0 = Release|Any CPU
	EndGlobalSection
	GlobalSection(SolutionProperties) = preSolution
		HideSolutionNode = FALSE
	EndGlobalSection
EndGlobal
